
Microsoft Visual Studio Solution File, Format Version 12.00
# Visual Studio Version 17
VisualStudioVersion = 17.3.32929.385
MinimumVisualStudioVersion = 10.0.40219.1
Project("{FAE04EC0-301F-11D3-BF4B-00C04F79EFBC}") = "Setul3", "Setul3.csproj", "{0100D259-D0E8-4217-9CC0-11566F75F7A9}"
EndProject
Global
	GlobalSection(SolutionConfigurationPlatforms) = preSolution
		Debug|Any CPU = Debug|Any CPU
		Release|Any CPU = Release|Any CPU
	EndGlobalSection
	GlobalSection(ProjectConfigurationPlatforms) = postSolution
		{0100D259-D0E8-4217-9CC0-11566F75F7A9}.Debug|Any CPU.ActiveCfg = Debug|Any CPU
		{0100D259-D0E8-4217-9CC0-11566F75F7A9}.Debug|Any CPU.Build.0 = Debug|Any CPU
		{0100D259-D0E8-4217-9CC0-11566F75F7A9}.Release|Any CPU.ActiveCfg = Release|Any CPU
		{0100D259-D0E8-4217-9CC0-11566F75F7A9}.Release|Any CPU.Build.0 = Release|Any CPU
	EndGlobalSection
	GlobalSection(SolutionProperties) = preSolution
		HideSolutionNode = FALSE
	EndGlobalSection
	GlobalSection(ExtensibilityGlobals) = postSolution
		SolutionGuid = {E21136E5-FF01-4C68-B9CC-A759155CE098}
	EndGlobalSection
EndGlobal
